
Microsoft Visual Studio Solution File, Format Version 12.00
# Visual Studio 15
VisualStudioVersion = 15.0.28010.2016
MinimumVisualStudioVersion = 10.0.40219.1
Project("{8BC9CEB8-8B4A-11D0-8D11-00A0C91BC942}") = "Camera_Calibration", "Camera_Calibration\Camera_Calibration.vcxproj", "{2B55475D-63DD-4CB8-852E-94779EC319EC}"
EndProject
Global
	GlobalSection(SolutionConfigurationPlatforms) = preSolution
		Debug|x64 = Debug|x64
		Debug|x86 = Debug|x86
		Release|x64 = Release|x64
		Release|x86 = Release|x86
	EndGlobalSection
	GlobalSection(ProjectConfigurationPlatforms) = postSolution
		{2B55475D-63DD-4CB8-852E-94779EC319EC}.Debug|x64.ActiveCfg = Debug|x64
		{2B55475D-63DD-4CB8-852E-94779EC319EC}.Debug|x64.Build.0 = Debug|x64
		{2B55475D-63DD-4CB8-852E-94779EC319EC}.Debug|x86.ActiveCfg = Debug|Win32
		{2B55475D-63DD-4CB8-852E-94779EC319EC}.Debug|x86.Build.0 = Debug|Win32
		{2B55475D-63DD-4CB8-852E-94779EC319EC}.Release|x64.ActiveCfg = Release|x64
		{2B55475D-63DD-4CB8-852E-94779EC319EC}.Release|x64.Build.0 = Release|x64
		{2B55475D-63DD-4CB8-852E-94779EC319EC}.Release|x86.ActiveCfg = Release|Win32
		{2B55475D-63DD-4CB8-852E-94779EC319EC}.Release|x86.Build.0 = Release|Win32
	EndGlobalSection
	GlobalSection(SolutionProperties) = preSolution
		HideSolutionNode = FALSE
	EndGlobalSection
	GlobalSection(ExtensibilityGlobals) = postSolution
		SolutionGuid = {D8990D57-FD19-4DE8-8BCB-AA7935D53023}
	EndGlobalSection
EndGlobal
